
Microsoft Visual Studio Solution File, Format Version 12.00
Project("{FAE04EC0-301F-11D3-BF4B-00C04F79EFBC}") = "BMS.Services.BookAPI", "BMS.Services.BookAPI\BMS.Services.BookAPI.csproj", "{F8F4E6F0-3A7B-44A9-B9AA-CF2159FA38D7}"
EndProject
Project("{FAE04EC0-301F-11D3-BF4B-00C04F79EFBC}") = "BMS.Services.AuthAPI", "BMS.Services.AuthAPI\BMS.Services.AuthAPI.csproj", "{E7C18CD5-0678-46F1-9E66-6F9C386E0706}"
EndProject
Project("{FAE04EC0-301F-11D3-BF4B-00C04F79EFBC}") = "BMS.Services.OrderAPI", "BMS.Services.OrderAPI\BMS.Services.OrderAPI.csproj", "{BF678674-DFCE-437B-9129-ED91B7A65FE8}"
EndProject
Project("{FAE04EC0-301F-11D3-BF4B-00C04F79EFBC}") = "BMS.Services.ShoppingCartAPI", "BMS.Services.ShoppingCartAPI\BMS.Services.ShoppingCartAPI.csproj", "{285AF416-956A-4EAB-B1EA-26CA79F1C980}"
EndProject
Global
	GlobalSection(SolutionConfigurationPlatforms) = preSolution
		Debug|Any CPU = Debug|Any CPU
		Release|Any CPU = Release|Any CPU
	EndGlobalSection
	GlobalSection(ProjectConfigurationPlatforms) = postSolution
		{F8F4E6F0-3A7B-44A9-B9AA-CF2159FA38D7}.Debug|Any CPU.ActiveCfg = Debug|Any CPU
		{F8F4E6F0-3A7B-44A9-B9AA-CF2159FA38D7}.Debug|Any CPU.Build.0 = Debug|Any CPU
		{F8F4E6F0-3A7B-44A9-B9AA-CF2159FA38D7}.Release|Any CPU.ActiveCfg = Release|Any CPU
		{F8F4E6F0-3A7B-44A9-B9AA-CF2159FA38D7}.Release|Any CPU.Build.0 = Release|Any CPU
		{E7C18CD5-0678-46F1-9E66-6F9C386E0706}.Debug|Any CPU.ActiveCfg = Debug|Any CPU
		{E7C18CD5-0678-46F1-9E66-6F9C386E0706}.Debug|Any CPU.Build.0 = Debug|Any CPU
		{E7C18CD5-0678-46F1-9E66-6F9C386E0706}.Release|Any CPU.ActiveCfg = Release|Any CPU
		{E7C18CD5-0678-46F1-9E66-6F9C386E0706}.Release|Any CPU.Build.0 = Release|Any CPU
		{BF678674-DFCE-437B-9129-ED91B7A65FE8}.Debug|Any CPU.ActiveCfg = Debug|Any CPU
		{BF678674-DFCE-437B-9129-ED91B7A65FE8}.Debug|Any CPU.Build.0 = Debug|Any CPU
		{BF678674-DFCE-437B-9129-ED91B7A65FE8}.Release|Any CPU.ActiveCfg = Release|Any CPU
		{BF678674-DFCE-437B-9129-ED91B7A65FE8}.Release|Any CPU.Build.0 = Release|Any CPU
		{285AF416-956A-4EAB-B1EA-26CA79F1C980}.Debug|Any CPU.ActiveCfg = Debug|Any CPU
		{285AF416-956A-4EAB-B1EA-26CA79F1C980}.Debug|Any CPU.Build.0 = Debug|Any CPU
		{285AF416-956A-4EAB-B1EA-26CA79F1C980}.Release|Any CPU.ActiveCfg = Release|Any CPU
		{285AF416-956A-4EAB-B1EA-26CA79F1C980}.Release|Any CPU.Build.0 = Release|Any CPU
	EndGlobalSection
EndGlobal
